
Microsoft Visual Studio Solution File, Format Version 12.00
# Visual Studio Version 17
VisualStudioVersion = 17.14.36221.1 d17.14
MinimumVisualStudioVersion = 10.0.40219.1
Project("{888888A0-9F3D-457C-B088-3A5042F75D52}") = "Python法規資料庫JSON擷取程式", "PythonLawDataBaseJsonExtractor\Python法規資料庫JSON擷取程式.pyproj", "{AC3AA1ED-304A-403E-96B0-8547FF8F5E50}"
EndProject
Project("{888888A0-9F3D-457C-B088-3A5042F75D52}") = "Django家庭領域泛用AI法律諮詢系統網頁端", "DjangoAI_FamilyFieldLawAssistant_WebSide\Django家庭領域泛用AI法律諮詢系統網頁端.pyproj", "{D224211E-C0AA-4C17-862F-EC601F2FAEB3}"
EndProject
Global
	GlobalSection(SolutionConfigurationPlatforms) = preSolution
		Debug|Any CPU = Debug|Any CPU
		Release|Any CPU = Release|Any CPU
	EndGlobalSection
	GlobalSection(ProjectConfigurationPlatforms) = postSolution
		{AC3AA1ED-304A-403E-96B0-8547FF8F5E50}.Debug|Any CPU.ActiveCfg = Debug|Any CPU
		{AC3AA1ED-304A-403E-96B0-8547FF8F5E50}.Release|Any CPU.ActiveCfg = Release|Any CPU
		{D224211E-C0AA-4C17-862F-EC601F2FAEB3}.Debug|Any CPU.ActiveCfg = Debug|Any CPU
		{D224211E-C0AA-4C17-862F-EC601F2FAEB3}.Debug|Any CPU.Build.0 = Debug|Any CPU
		{D224211E-C0AA-4C17-862F-EC601F2FAEB3}.Release|Any CPU.ActiveCfg = Release|Any CPU
		{D224211E-C0AA-4C17-862F-EC601F2FAEB3}.Release|Any CPU.Build.0 = Release|Any CPU
	EndGlobalSection
	GlobalSection(SolutionProperties) = preSolution
		HideSolutionNode = FALSE
	EndGlobalSection
	GlobalSection(ExtensibilityGlobals) = postSolution
		SolutionGuid = {37200AC7-3BF2-488F-A346-0A4317533DA2}
	EndGlobalSection
EndGlobal
